Microsoft Visual Studio Solution File, Format Version 12.00
# Visual Studio 14
VisualStudioVersion = 14.0.24720.0
MinimumVisualStudioVersion = 10.0.40219.1
Project("{F184B08F-C81C-45F6-A57F-5ABD9991F28F}") = "DXDiagram.CreateCustomShapes", "DXDiagram.CreateCustomShapes\DXDiagram.CreateCustomShapes.vbproj", "{E843581B-97F4-4C6E-9CAB-4C85BCD66473}"
EndProject
Global
	GlobalSection(SolutionConfigurationPlatforms) = preSolution
		Debug|Any CPU = Debug|Any CPU
		DebugTest|Any CPU = DebugTest|Any CPU
		Release|Any CPU = Release|Any CPU
	EndGlobalSection
	GlobalSection(ProjectConfigurationPlatforms) = postSolution
		{E843581B-97F4-4C6E-9CAB-4C85BCD66473}.Debug|Any CPU.ActiveCfg = Debug|Any CPU
		{E843581B-97F4-4C6E-9CAB-4C85BCD66473}.Debug|Any CPU.Build.0 = Debug|Any CPU
		{E843581B-97F4-4C6E-9CAB-4C85BCD66473}.DebugTest|Any CPU.ActiveCfg = DebugTest|Any CPU
		{E843581B-97F4-4C6E-9CAB-4C85BCD66473}.DebugTest|Any CPU.Build.0 = DebugTest|Any CPU
		{E843581B-97F4-4C6E-9CAB-4C85BCD66473}.Release|Any CPU.ActiveCfg = Release|Any CPU
		{E843581B-97F4-4C6E-9CAB-4C85BCD66473}.Release|Any CPU.Build.0 = Release|Any CPU
	EndGlobalSection
	GlobalSection(SolutionProperties) = preSolution
		HideSolutionNode = FALSE
	EndGlobalSection
	GlobalSection(SourceCodeControl) = preSolution
		SccNumberOfProjects = 2
		SccProjectUniqueName0 = DXDiagram.CreateCustomShapes\\DXDiagram.CreateCustomShapes.csproj
		SccProjectName0 = $/2016.1/XPF/DevExpress.Xpf.Diagram/Samples/DXDiagram.CreateCustomShapes/DXDiagram.CreateCustomShapes
		SccLocalPath0 = DXDiagram.CreateCustomShapes
		SccLocalPath1 = .
	EndGlobalSection
EndGlobal
